
Microsoft Visual Studio Solution File, Format Version 12.00
# Visual Studio 15
VisualStudioVersion = 15.0.28307.271
MinimumVisualStudioVersion = 10.0.40219.1
Project("{FAE04EC0-301F-11D3-BF4B-00C04F79EFBC}") = "ReLoad.Android", "ReLoad\ReLoad.Android\ReLoad.Android.csproj", "{83DA33F3-5914-427B-9F01-9991FBD88957}"
EndProject
Project("{FAE04EC0-301F-11D3-BF4B-00C04F79EFBC}") = "ReLoad.iOS", "ReLoad\ReLoad.iOS\ReLoad.iOS.csproj", "{71A0BF43-B86B-4480-811D-80F4AF891BAD}"
EndProject
Project("{9A19103F-16F7-4668-BE54-9A1E7A4F7556}") = "ReLoad", "ReLoad\ReLoad\ReLoad.csproj", "{57C87362-F896-4953-A965-AF225EC644C0}"
EndProject
Global
	GlobalSection(SolutionConfigurationPlatforms) = preSolution
		Ad-Hoc|Any CPU = Ad-Hoc|Any CPU
		Ad-Hoc|iPhone = Ad-Hoc|iPhone
		Ad-Hoc|iPhoneSimulator = Ad-Hoc|iPhoneSimulator
		AppStore|Any CPU = AppStore|Any CPU
		AppStore|iPhone = AppStore|iPhone
		AppStore|iPhoneSimulator = AppStore|iPhoneSimulator
		Debug|Any CPU = Debug|Any CPU
		Debug|iPhone = Debug|iPhone
		Debug|iPhoneSimulator = Debug|iPhoneSimulator
		Release|Any CPU = Release|Any CPU
		Release|iPhone = Release|iPhone
		Release|iPhoneSimulator = Release|iPhoneSimulator
	EndGlobalSection
	GlobalSection(ProjectConfigurationPlatforms) = postSolution
		{83DA33F3-5914-427B-9F01-9991FBD88957}.Ad-Hoc|Any CPU.ActiveCfg = Release|Any CPU
		{83DA33F3-5914-427B-9F01-9991FBD88957}.Ad-Hoc|Any CPU.Build.0 = Release|Any CPU
		{83DA33F3-5914-427B-9F01-9991FBD88957}.Ad-Hoc|Any CPU.Deploy.0 = Release|Any CPU
		{83DA33F3-5914-427B-9F01-9991FBD88957}.Ad-Hoc|iPhone.ActiveCfg = Release|Any CPU
		{83DA33F3-5914-427B-9F01-9991FBD88957}.Ad-Hoc|iPhone.Build.0 = Release|Any CPU
		{83DA33F3-5914-427B-9F01-9991FBD88957}.Ad-Hoc|iPhone.Deploy.0 = Release|Any CPU
		{83DA33F3-5914-427B-9F01-9991FBD88957}.Ad-Hoc|iPhoneSimulator.ActiveCfg = Release|Any CPU
		{83DA33F3-5914-427B-9F01-9991FBD88957}.Ad-Hoc|iPhoneSimulator.Build.0 = Release|Any CPU
		{83DA33F3-5914-427B-9F01-9991FBD88957}.Ad-Hoc|iPhoneSimulator.Deploy.0 = Release|Any CPU
		{83DA33F3-5914-427B-9F01-9991FBD88957}.AppStore|Any CPU.ActiveCfg = Release|Any CPU
		{83DA33F3-5914-427B-9F01-9991FBD88957}.AppStore|Any CPU.Build.0 = Release|Any CPU
		{83DA33F3-5914-427B-9F01-9991FBD88957}.AppStore|Any CPU.Deploy.0 = Release|Any CPU
		{83DA33F3-5914-427B-9F01-9991FBD88957}.AppStore|iPhone.ActiveCfg = Release|Any CPU
		{83DA33F3-5914-427B-9F01-9991FBD88957}.AppStore|iPhone.Build.0 = Release|Any CPU
		{83DA33F3-5914-427B-9F01-9991FBD88957}.AppStore|iPhone.Deploy.0 = Release|Any CPU
		{83DA33F3-5914-427B-9F01-9991FBD88957}.AppStore|iPhoneSimulator.ActiveCfg = Release|Any CPU
		{83DA33F3-5914-427B-9F01-9991FBD88957}.AppStore|iPhoneSimulator.Build.0 = Release|Any CPU
		{83DA33F3-5914-427B-9F01-9991FBD88957}.AppStore|iPhoneSimulator.Deploy.0 = Release|Any CPU
		{83DA33F3-5914-427B-9F01-9991FBD88957}.Debug|Any CPU.ActiveCfg = Debug|Any CPU
		{83DA33F3-5914-427B-9F01-9991FBD88957}.Debug|Any CPU.Build.0 = Debug|Any CPU
		{83DA33F3-5914-427B-9F01-9991FBD88957}.Debug|Any CPU.Deploy.0 = Debug|Any CPU
		{83DA33F3-5914-427B-9F01-9991FBD88957}.Debug|iPhone.ActiveCfg = Debug|Any CPU
		{83DA33F3-5914-427B-9F01-9991FBD88957}.Debug|iPhone.Build.0 = Debug|Any CPU
		{83DA33F3-5914-427B-9F01-9991FBD88957}.Debug|iPhone.Deploy.0 = Debug|Any CPU
		{83DA33F3-5914-427B-9F01-9991FBD88957}.Debug|iPhoneSimulator.ActiveCfg = Debug|Any CPU
		{83DA33F3-5914-427B-9F01-9991FBD88957}.Debug|iPhoneSimulator.Build.0 = Debug|Any CPU
		{83DA33F3-5914-427B-9F01-9991FBD88957}.Debug|iPhoneSimulator.Deploy.0 = Debug|Any CPU
		{83DA33F3-5914-427B-9F01-9991FBD88957}.Release|Any CPU.ActiveCfg = Release|Any CPU
		{83DA33F3-5914-427B-9F01-9991FBD88957}.Release|Any CPU.Build.0 = Release|Any CPU
		{83DA33F3-5914-427B-9F01-9991FBD88957}.Release|Any CPU.Deploy.0 = Release|Any CPU
		{83DA33F3-5914-427B-9F01-9991FBD88957}.Release|iPhone.ActiveCfg = Release|Any CPU
		{83DA33F3-5914-427B-9F01-9991FBD88957}.Release|iPhone.Build.0 = Release|Any CPU
		{83DA33F3-5914-427B-9F01-9991FBD88957}.Release|iPhone.Deploy.0 = Release|Any CPU
		{83DA33F3-5914-427B-9F01-9991FBD88957}.Release|iPhoneSimulator.ActiveCfg = Release|Any CPU
		{83DA33F3-5914-427B-9F01-9991FBD88957}.Release|iPhoneSimulator.Build.0 = Release|Any CPU
		{83DA33F3-5914-427B-9F01-9991FBD88957}.Release|iPhoneSimulator.Deploy.0 = Release|Any CPU
		{71A0BF43-B86B-4480-811D-80F4AF891BAD}.Ad-Hoc|Any CPU.ActiveCfg = Ad-Hoc|iPhone
		{71A0BF43-B86B-4480-811D-80F4AF891BAD}.Ad-Hoc|Any CPU.Build.0 = Ad-Hoc|iPhone
		{71A0BF43-B86B-4480-811D-80F4AF891BAD}.Ad-Hoc|Any CPU.Deploy.0 = Ad-Hoc|iPhone
		{71A0BF43-B86B-4480-811D-80F4AF891BAD}.Ad-Hoc|iPhone.ActiveCfg = Ad-Hoc|iPhone
		{71A0BF43-B86B-4480-811D-80F4AF891BAD}.Ad-Hoc|iPhone.Build.0 = Ad-Hoc|iPhone
		{71A0BF43-B86B-4480-811D-80F4AF891BAD}.Ad-Hoc|iPhone.Deploy.0 = Ad-Hoc|iPhone
		{71A0BF43-B86B-4480-811D-80F4AF891BAD}.Ad-Hoc|iPhoneSimulator.ActiveCfg = Ad-Hoc|iPhoneSimulator
		{71A0BF43-B86B-4480-811D-80F4AF891BAD}.Ad-Hoc|iPhoneSimulator.Build.0 = Ad-Hoc|iPhoneSimulator
		{71A0BF43-B86B-4480-811D-80F4AF891BAD}.Ad-Hoc|iPhoneSimulator.Deploy.0 = Ad-Hoc|iPhoneSimulator
		{71A0BF43-B86B-4480-811D-80F4AF891BAD}.AppStore|Any CPU.ActiveCfg = AppStore|iPhone
		{71A0BF43-B86B-4480-811D-80F4AF891BAD}.AppStore|Any CPU.Build.0 = AppStore|iPhone
		{71A0BF43-B86B-4480-811D-80F4AF891BAD}.AppStore|Any CPU.Deploy.0 = AppStore|iPhone
		{71A0BF43-B86B-4480-811D-80F4AF891BAD}.AppStore|iPhone.ActiveCfg = AppStore|iPhone
		{71A0BF43-B86B-4480-811D-80F4AF891BAD}.AppStore|iPhone.Build.0 = AppStore|iPhone
		{71A0BF43-B86B-4480-811D-80F4AF891BAD}.AppStore|iPhone.Deploy.0 = AppStore|iPhone
		{71A0BF43-B86B-4480-811D-80F4AF891BAD}.AppStore|iPhoneSimulator.ActiveCfg = AppStore|iPhoneSimulator
		{71A0BF43-B86B-4480-811D-80F4AF891BAD}.AppStore|iPhoneSimulator.Build.0 = AppStore|iPhoneSimulator
		{71A0BF43-B86B-4480-811D-80F4AF891BAD}.AppStore|iPhoneSimulator.Deploy.0 = AppStore|iPhoneSimulator
		{71A0BF43-B86B-4480-811D-80F4AF891BAD}.Debug|Any CPU.ActiveCfg = Debug|iPhoneSimulator
		{71A0BF43-B86B-4480-811D-80F4AF891BAD}.Debug|Any CPU.Build.0 = Debug|iPhoneSimulator
		{71A0BF43-B86B-4480-811D-80F4AF891BAD}.Debug|Any CPU.Deploy.0 = Debug|iPhoneSimulator
		{71A0BF43-B86B-4480-811D-80F4AF891BAD}.Debug|iPhone.ActiveCfg = Debug|iPhone
		{71A0BF43-B86B-4480-811D-80F4AF891BAD}.Debug|iPhone.Build.0 = Debug|iPhone
		{71A0BF43-B86B-4480-811D-80F4AF891BAD}.Debug|iPhone.Deploy.0 = Debug|iPhone
		{71A0BF43-B86B-4480-811D-80F4AF891BAD}.Debug|iPhoneSimulator.ActiveCfg = Debug|iPhoneSimulator
		{71A0BF43-B86B-4480-811D-80F4AF891BAD}.Debug|iPhoneSimulator.Build.0 = Debug|iPhoneSimulator
		{71A0BF43-B86B-4480-811D-80F4AF891BAD}.Debug|iPhoneSimulator.Deploy.0 = Debug|iPhoneSimulator
		{71A0BF43-B86B-4480-811D-80F4AF891BAD}.Release|Any CPU.ActiveCfg = Release|iPhone
		{71A0BF43-B86B-4480-811D-80F4AF891BAD}.Release|Any CPU.Build.0 = Release|iPhone
		{71A0BF43-B86B-4480-811D-80F4AF891BAD}.Release|Any CPU.Deploy.0 = Release|iPhone
		{71A0BF43-B86B-4480-811D-80F4AF891BAD}.Release|iPhone.ActiveCfg = Release|iPhone
		{71A0BF43-B86B-4480-811D-80F4AF891BAD}.Release|iPhone.Build.0 = Release|iPhone
		{71A0BF43-B86B-4480-811D-80F4AF891BAD}.Release|iPhone.Deploy.0 = Release|iPhone
		{71A0BF43-B86B-4480-811D-80F4AF891BAD}.Release|iPhoneSimulator.ActiveCfg = Release|iPhoneSimulator
		{71A0BF43-B86B-4480-811D-80F4AF891BAD}.Release|iPhoneSimulator.Build.0 = Release|iPhoneSimulator
		{71A0BF43-B86B-4480-811D-80F4AF891BAD}.Release|iPhoneSimulator.Deploy.0 = Release|iPhoneSimulator
		{57C87362-F896-4953-A965-AF225EC644C0}.Ad-Hoc|Any CPU.ActiveCfg = Debug|Any CPU
		{57C87362-F896-4953-A965-AF225EC644C0}.Ad-Hoc|Any CPU.Build.0 = Debug|Any CPU
		{57C87362-F896-4953-A965-AF225EC644C0}.Ad-Hoc|Any CPU.Deploy.0 = Debug|Any CPU
		{57C87362-F896-4953-A965-AF225EC644C0}.Ad-Hoc|iPhone.ActiveCfg = Debug|Any CPU
		{57C87362-F896-4953-A965-AF225EC644C0}.Ad-Hoc|iPhone.Build.0 = Debug|Any CPU
		{57C87362-F896-4953-A965-AF225EC644C0}.Ad-Hoc|iPhone.Deploy.0 = Debug|Any CPU
		{57C87362-F896-4953-A965-AF225EC644C0}.Ad-Hoc|iPhoneSimulator.ActiveCfg = Debug|Any CPU
		{57C87362-F896-4953-A965-AF225EC644C0}.Ad-Hoc|iPhoneSimulator.Build.0 = Debug|Any CPU
		{57C87362-F896-4953-A965-AF225EC644C0}.Ad-Hoc|iPhoneSimulator.Deploy.0 = Debug|Any CPU
		{57C87362-F896-4953-A965-AF225EC644C0}.AppStore|Any CPU.ActiveCfg = Debug|Any CPU
		{57C87362-F896-4953-A965-AF225EC644C0}.AppStore|Any CPU.Build.0 = Debug|Any CPU
		{57C87362-F896-4953-A965-AF225EC644C0}.AppStore|Any CPU.Deploy.0 = Debug|Any CPU
		{57C87362-F896-4953-A965-AF225EC644C0}.AppStore|iPhone.ActiveCfg = Debug|Any CPU
		{57C87362-F896-4953-A965-AF225EC644C0}.AppStore|iPhone.Build.0 = Debug|Any CPU
		{57C87362-F896-4953-A965-AF225EC644C0}.AppStore|iPhone.Deploy.0 = Debug|Any CPU
		{57C87362-F896-4953-A965-AF225EC644C0}.AppStore|iPhoneSimulator.ActiveCfg = Debug|Any CPU
		{57C87362-F896-4953-A965-AF225EC644C0}.AppStore|iPhoneSimulator.Build.0 = Debug|Any CPU
		{57C87362-F896-4953-A965-AF225EC644C0}.AppStore|iPhoneSimulator.Deploy.0 = Debug|Any CPU
		{57C87362-F896-4953-A965-AF225EC644C0}.Debug|Any CPU.ActiveCfg = Release|Any CPU
		{57C87362-F896-4953-A965-AF225EC644C0}.Debug|Any CPU.Build.0 = Release|Any CPU
		{57C87362-F896-4953-A965-AF225EC644C0}.Debug|Any CPU.Deploy.0 = Release|Any CPU
		{57C87362-F896-4953-A965-AF225EC644C0}.Debug|iPhone.ActiveCfg = Debug|Any CPU
		{57C87362-F896-4953-A965-AF225EC644C0}.Debug|iPhone.Build.0 = Debug|Any CPU
		{57C87362-F896-4953-A965-AF225EC644C0}.Debug|iPhone.Deploy.0 = Debug|Any CPU
		{57C87362-F896-4953-A965-AF225EC644C0}.Debug|iPhoneSimulator.ActiveCfg = Debug|Any CPU
		{57C87362-F896-4953-A965-AF225EC644C0}.Debug|iPhoneSimulator.Build.0 = Debug|Any CPU
		{57C87362-F896-4953-A965-AF225EC644C0}.Debug|iPhoneSimulator.Deploy.0 = Debug|Any CPU
		{57C87362-F896-4953-A965-AF225EC644C0}.Release|Any CPU.ActiveCfg = Release|Any CPU
		{57C87362-F896-4953-A965-AF225EC644C0}.Release|Any CPU.Build.0 = Release|Any CPU
		{57C87362-F896-4953-A965-AF225EC644C0}.Release|Any CPU.Deploy.0 = Release|Any CPU
		{57C87362-F896-4953-A965-AF225EC644C0}.Release|iPhone.ActiveCfg = Release|Any CPU
		{57C87362-F896-4953-A965-AF225EC644C0}.Release|iPhone.Build.0 = Release|Any CPU
		{57C87362-F896-4953-A965-AF225EC644C0}.Release|iPhone.Deploy.0 = Release|Any CPU
		{57C87362-F896-4953-A965-AF225EC644C0}.Release|iPhoneSimulator.ActiveCfg = Release|Any CPU
		{57C87362-F896-4953-A965-AF225EC644C0}.Release|iPhoneSimulator.Build.0 = Release|Any CPU
		{57C87362-F896-4953-A965-AF225EC644C0}.Release|iPhoneSimulator.Deploy.0 = Release|Any CPU
	EndGlobalSection
	GlobalSection(SolutionProperties) = preSolution
		HideSolutionNode = FALSE
	EndGlobalSection
	GlobalSection(ExtensibilityGlobals) = postSolution
		SolutionGuid = {44267A87-7371-49A6-BEA1-E48A4A007FF4}
	EndGlobalSection
EndGlobal
